
Microsoft Visual Studio Solution File, Format Version 12.00
# Visual Studio Version 17
VisualStudioVersion = 17.0.31903.59
MinimumVisualStudioVersion = 10.0.40219.1
Project("{FAE04EC0-301F-11D3-BF4B-00C04F79EFBC}") = "temp-converter", "temp-converter\temp-converter.csproj", "{7F5E3A89-20F1-40F7-83E1-7B367770C5B8}"
EndProject
Project("{FAE04EC0-301F-11D3-BF4B-00C04F79EFBC}") = "grade-calculator", "grade-calculator\grade-calculator.csproj", "{415E73C4-6262-4AFF-9049-BB0C4258B9B4}"
EndProject
Project("{FAE04EC0-301F-11D3-BF4B-00C04F79EFBC}") = "string-reversal", "string-reversal\string-reversal.csproj", "{46084B08-CA3C-4982-8E2C-98FB36368668}"
EndProject
Project("{FAE04EC0-301F-11D3-BF4B-00C04F79EFBC}") = "filter-transform", "filter-transform\filter-transform.csproj", "{DDFB2172-2255-4548-916C-BD8BCFF201F6}"
EndProject
Global
	GlobalSection(SolutionConfigurationPlatforms) = preSolution
		Debug|Any CPU = Debug|Any CPU
		Release|Any CPU = Release|Any CPU
	EndGlobalSection
	GlobalSection(SolutionProperties) = preSolution
		HideSolutionNode = FALSE
	EndGlobalSection
	GlobalSection(ProjectConfigurationPlatforms) = postSolution
		{7F5E3A89-20F1-40F7-83E1-7B367770C5B8}.Debug|Any CPU.ActiveCfg = Debug|Any CPU
		{7F5E3A89-20F1-40F7-83E1-7B367770C5B8}.Debug|Any CPU.Build.0 = Debug|Any CPU
		{7F5E3A89-20F1-40F7-83E1-7B367770C5B8}.Release|Any CPU.ActiveCfg = Release|Any CPU
		{7F5E3A89-20F1-40F7-83E1-7B367770C5B8}.Release|Any CPU.Build.0 = Release|Any CPU
		{415E73C4-6262-4AFF-9049-BB0C4258B9B4}.Debug|Any CPU.ActiveCfg = Debug|Any CPU
		{415E73C4-6262-4AFF-9049-BB0C4258B9B4}.Debug|Any CPU.Build.0 = Debug|Any CPU
		{415E73C4-6262-4AFF-9049-BB0C4258B9B4}.Release|Any CPU.ActiveCfg = Release|Any CPU
		{415E73C4-6262-4AFF-9049-BB0C4258B9B4}.Release|Any CPU.Build.0 = Release|Any CPU
		{46084B08-CA3C-4982-8E2C-98FB36368668}.Debug|Any CPU.ActiveCfg = Debug|Any CPU
		{46084B08-CA3C-4982-8E2C-98FB36368668}.Debug|Any CPU.Build.0 = Debug|Any CPU
		{46084B08-CA3C-4982-8E2C-98FB36368668}.Release|Any CPU.ActiveCfg = Release|Any CPU
		{46084B08-CA3C-4982-8E2C-98FB36368668}.Release|Any CPU.Build.0 = Release|Any CPU
		{DDFB2172-2255-4548-916C-BD8BCFF201F6}.Debug|Any CPU.ActiveCfg = Debug|Any CPU
		{DDFB2172-2255-4548-916C-BD8BCFF201F6}.Debug|Any CPU.Build.0 = Debug|Any CPU
		{DDFB2172-2255-4548-916C-BD8BCFF201F6}.Release|Any CPU.ActiveCfg = Release|Any CPU
		{DDFB2172-2255-4548-916C-BD8BCFF201F6}.Release|Any CPU.Build.0 = Release|Any CPU
	EndGlobalSection
EndGlobal
